{
  "requires": true,
  "lockfileVersion": 1,
  "dependencies": {
    "@azerion/phaser-i18next": {
      "version": "1.0.3",
      "resolved": "https://registry.npmjs.org/@azerion/phaser-i18next/-/phaser-i18next-1.0.3.tgz",
      "integrity": "sha512-suFRab74i3iMweSsfxyQkEA8TMVHXIgWAhltCc9rS0o+rzVmkeJkjZT5g5BpCNPpdaqn/Soa7tzjHRmrE0AT5w==",
      "dev": true,
      "requires": {
        "i18next": "^8.4.3"
      },
      "dependencies": {
        "i18next": {
          "version": "8.4.3",
          "resolved": "https://registry.npmjs.org/i18next/-/i18next-8.4.3.tgz",
          "integrity": "sha1-Nrb/UWxPmSAQ7tzOJKNsRgnox9w=",
          "dev": true
        }
      }
    },
    "@babel/runtime": {
      "version": "7.15.4",
      "resolved": "https://registry.npmjs.org/@babel/runtime/-/runtime-7.15.4.tgz",
      "integrity": "sha512-99catp6bHCaxr4sJ/DbTGgHS4+Rs2RVd2g7iOap6SLGPDknRK9ztKNsE/Fg6QhSeh1FGE5f6gHGQmvvn3I3xhw==",
      "requires": {
        "regenerator-runtime": "^0.13.4"
      }
    },
    "i18next": {
      "version": "21.2.0",
      "resolved": "https://registry.npmjs.org/i18next/-/i18next-21.2.0.tgz",
      "integrity": "sha512-I2BLM/YNyEjCzRak1kL3uYYawwkfduQbNramMx7uMjjbos3zGZB1ag6dgbdoTR0baR34fpG4X4oWKaQExNo8wg==",
      "requires": {
        "@babel/runtime": "^7.12.0"
      }
    },
    "i18next-browser-languagedetector": {
      "version": "6.1.2",
      "resolved": "https://registry.npmjs.org/i18next-browser-languagedetector/-/i18next-browser-languagedetector-6.1.2.tgz",
      "integrity": "sha512-YDzIGHhMRvr7M+c8B3EQUKyiMBhfqox4o1qkFvt4QXuu5V2cxf74+NCr+VEkUuU0y+RwcupA238eeolW1Yn80g==",
      "requires": {
        "@babel/runtime": "^7.14.6"
      }
    },
    "regenerator-runtime": {
      "version": "0.13.9",
      "resolved": "https://registry.npmjs.org/regenerator-runtime/-/regenerator-runtime-0.13.9.tgz",
      "integrity": "sha512-p3VT+cOEgxFsRRA9X4lkI1E+k2/CtnKtU4gcxyaCUreilL/vqI6CdZ3wxVUx3UOUg+gnUOQQcRI7BmSI656MYA=="
    }
  }
}
